{
  "name": "app",
  "lockfileVersion": 3,
  "requires": true,
  "packages": {
    "": {
      "dependencies": {
        "LearnBasic": "file:.."
      }
    },
    "..": {
      "version": "1.0.0",
      "license": "UNLICENSED",
      "dependencies": {
        "@sap/cds": "^7",
        "@sap/cds-hana": "^2",
        "@sap/xssec": "^3",
        "express": "^4"
      },
      "devDependencies": {
        "@sap/cds-dk": "^7",
        "@sap/eslint-plugin-cds": "^2.6.7",
        "eslint": "^8.57.0"
      }
    },
    "node_modules/LearnBasic": {
      "resolved": "..",
      "link": true
    }
  }
}
